
Microsoft Visual Studio Solution File, Format Version 12.00
# Visual Studio Version 17
VisualStudioVersion = 17.5.002.0
MinimumVisualStudioVersion = 10.0.40219.1
Project("{9A19103F-16F7-4668-BE54-9A1E7A4F7556}") = "Abstraindo jogo RPG Usando OO", "Abstraindo jogo RPG Usando OO.csproj", "{BBADB104-4836-4779-B67F-A4C8BDB1C3F8}"
EndProject
Global
	GlobalSection(SolutionConfigurationPlatforms) = preSolution
		Debug|Any CPU = Debug|Any CPU
		Release|Any CPU = Release|Any CPU
	EndGlobalSection
	GlobalSection(ProjectConfigurationPlatforms) = postSolution
		{BBADB104-4836-4779-B67F-A4C8BDB1C3F8}.Debug|Any CPU.ActiveCfg = Debug|Any CPU
		{BBADB104-4836-4779-B67F-A4C8BDB1C3F8}.Debug|Any CPU.Build.0 = Debug|Any CPU
		{BBADB104-4836-4779-B67F-A4C8BDB1C3F8}.Release|Any CPU.ActiveCfg = Release|Any CPU
		{BBADB104-4836-4779-B67F-A4C8BDB1C3F8}.Release|Any CPU.Build.0 = Release|Any CPU
	EndGlobalSection
	GlobalSection(SolutionProperties) = preSolution
		HideSolutionNode = FALSE
	EndGlobalSection
	GlobalSection(ExtensibilityGlobals) = postSolution
		SolutionGuid = {AAA77301-B3B4-4244-85BE-91D6468FAD4E}
	EndGlobalSection
EndGlobal
